
Microsoft Visual Studio Solution File, Format Version 12.00
# Visual Studio 14
VisualStudioVersion = 14.0.25123.0
MinimumVisualStudioVersion = 10.0.40219.1
Project("{2150E333-8FDC-42A3-9474-1A3956D46DE8}") = "src", "src", "{3A68D508-26FB-4306-B25F-EEA1DD511C67}"
EndProject
Project("{2150E333-8FDC-42A3-9474-1A3956D46DE8}") = "Solution Items", "Solution Items", "{E52FC030-E38B-490F-B0E8-7D26B9700A0A}"
	ProjectSection(SolutionItems) = preProject
		global.json = global.json
	EndProjectSection
EndProject
Project("{8BB2217D-0F2D-49D1-97BC-3654ED321F3B}") = "Rest.Api", "src\Rest.Api\Rest.Api.xproj", "{12116193-FED4-4727-99DC-D3E70BFBF87A}"
EndProject
Project("{8BB2217D-0F2D-49D1-97BC-3654ED321F3B}") = "Rest.Core", "src\Rest.Core\Rest.Core.xproj", "{363800B9-D6F5-4592-A54A-98E5013A6EB7}"
EndProject
Project("{8BB2217D-0F2D-49D1-97BC-3654ED321F3B}") = "Rest.Database", "src\Database\Rest.Database.xproj", "{F02E21A8-1917-42D4-BF71-4F8854D00F76}"
EndProject
Global
	GlobalSection(SolutionConfigurationPlatforms) = preSolution
		Debug|Any CPU = Debug|Any CPU
		Release|Any CPU = Release|Any CPU
	EndGlobalSection
	GlobalSection(ProjectConfigurationPlatforms) = postSolution
		{12116193-FED4-4727-99DC-D3E70BFBF87A}.Debug|Any CPU.ActiveCfg = Debug|Any CPU
		{12116193-FED4-4727-99DC-D3E70BFBF87A}.Debug|Any CPU.Build.0 = Debug|Any CPU
		{12116193-FED4-4727-99DC-D3E70BFBF87A}.Release|Any CPU.ActiveCfg = Release|Any CPU
		{12116193-FED4-4727-99DC-D3E70BFBF87A}.Release|Any CPU.Build.0 = Release|Any CPU
		{363800B9-D6F5-4592-A54A-98E5013A6EB7}.Debug|Any CPU.ActiveCfg = Debug|Any CPU
		{363800B9-D6F5-4592-A54A-98E5013A6EB7}.Debug|Any CPU.Build.0 = Debug|Any CPU
		{363800B9-D6F5-4592-A54A-98E5013A6EB7}.Release|Any CPU.ActiveCfg = Release|Any CPU
		{363800B9-D6F5-4592-A54A-98E5013A6EB7}.Release|Any CPU.Build.0 = Release|Any CPU
		{F02E21A8-1917-42D4-BF71-4F8854D00F76}.Debug|Any CPU.ActiveCfg = Debug|Any CPU
		{F02E21A8-1917-42D4-BF71-4F8854D00F76}.Debug|Any CPU.Build.0 = Debug|Any CPU
		{F02E21A8-1917-42D4-BF71-4F8854D00F76}.Release|Any CPU.ActiveCfg = Release|Any CPU
		{F02E21A8-1917-42D4-BF71-4F8854D00F76}.Release|Any CPU.Build.0 = Release|Any CPU
	EndGlobalSection
	GlobalSection(SolutionProperties) = preSolution
		HideSolutionNode = FALSE
	EndGlobalSection
	GlobalSection(NestedProjects) = preSolution
		{12116193-FED4-4727-99DC-D3E70BFBF87A} = {3A68D508-26FB-4306-B25F-EEA1DD511C67}
		{363800B9-D6F5-4592-A54A-98E5013A6EB7} = {3A68D508-26FB-4306-B25F-EEA1DD511C67}
		{F02E21A8-1917-42D4-BF71-4F8854D00F76} = {3A68D508-26FB-4306-B25F-EEA1DD511C67}
	EndGlobalSection
EndGlobal
